{
  "name": "TestSite",
  "lockfileVersion": 2,
  "requires": true,
  "packages": {
    "": {
      "dependencies": {
        "bulba": "^0.9.0"
      }
    },
    "node_modules/bulba": {
      "version": "0.9.0",
      "resolved": "https://registry.npmjs.org/bulba/-/bulba-0.9.0.tgz",
      "integrity": "sha512-j99y7BQCl+TsmqjurVRwqxakmCz8jW/vohXGpKb0tIeQYgOrHQFygMcdgwCNt9wzY4CnV1fIk/H+GJXpVpsVzA==",
      "bin": {
        "bulma-build-css": "build.js"
      }
    }
  },
  "dependencies": {
    "bulba": {
      "version": "0.9.0",
      "resolved": "https://registry.npmjs.org/bulba/-/bulba-0.9.0.tgz",
      "integrity": "sha512-j99y7BQCl+TsmqjurVRwqxakmCz8jW/vohXGpKb0tIeQYgOrHQFygMcdgwCNt9wzY4CnV1fIk/H+GJXpVpsVzA=="
    }
  }
}
